<?xml version="1.0" encoding="UTF-8"?>
<Scheme
   LastUpgradeVersion = "1620"
   version = "1.7">
   <BuildAction
      parallelizeBuildables = "YES"
      buildImplicitDependencies = "YES"
      buildArchitectures = "Automatic">
      <BuildActionEntries>
         <BuildActionEntry
            buildForTesting = "YES"
            buildForRunning = "YES"
            buildForProfiling = "YES"
            buildForArchiving = "YES"
            buildForAnalyzing = "YES">
            <BuildableReference
               BuildableIdentifier = "primary"
               BlueprintIdentifier = "CF9B70992C6F314B001BA368"
               BuildableName = "msl"
               BlueprintName = "msl"
               ReferencedContainer = "container:msl.xcodeproj">
            </BuildableReference>
         </BuildActionEntry>
      </BuildActionEntries>
   </BuildAction>
   <TestAction
      buildConfiguration = "Debug"
      selectedDebuggerIdentifier = "Xcode.DebuggerFoundation.Debugger.LLDB"
      selectedLauncherIdentifier = "Xcode.DebuggerFoundation.Launcher.LLDB"
      shouldUseLaunchSchemeArgsEnv = "YES"
      shouldAutocreateTestPlan = "YES">
   </TestAction>
   <LaunchAction
      buildConfiguration = "Debug"
      selectedDebuggerIdentifier = "Xcode.DebuggerFoundation.Debugger.LLDB"
      selectedLauncherIdentifier = "Xcode.DebuggerFoundation.Launcher.LLDB"
      launchStyle = "0"
      useCustomWorkingDirectory = "YES"
      customWorkingDirectory = "/Users/nedimzecic/src/msl"
      ignoresPersistentStateOnLaunch = "NO"
      debugDocumentVersioning = "NO"
      debugServiceExtension = "internal"
      enableGPUFrameCaptureMode = "3"
      enableGPUValidationMode = "1"
      allowLocationSimulation = "NO"
      viewDebuggingEnabled = "No">
      <BuildableProductRunnable
         runnableDebuggingMode = "0">
         <BuildableReference
            BuildableIdentifier = "primary"
            BlueprintIdentifier = "CF9B70992C6F314B001BA368"
            BuildableName = "msl"
            BlueprintName = "msl"
            ReferencedContainer = "container:msl.xcodeproj">
         </BuildableReference>
      </BuildableProductRunnable>
      <CommandLineArguments>
         <CommandLineArgument
            argument = "--name alpine"
            isEnabled = "YES">
         </CommandLineArgument>
         <CommandLineArgument
            argument = "--cpu 2"
            isEnabled = "YES">
         </CommandLineArgument>
         <CommandLineArgument
            argument = "--ram 512"
            isEnabled = "YES">
         </CommandLineArgument>
         <CommandLineArgument
            argument = "--disk 64"
            isEnabled = "NO">
         </CommandLineArgument>
         <CommandLineArgument
            argument = "--nvme"
            isEnabled = "YES">
         </CommandLineArgument>
         <CommandLineArgument
            argument = "--mac e6:7b:15:04:77:05"
            isEnabled = "YES">
         </CommandLineArgument>
         <CommandLineArgument
            argument = "--graphics"
            isEnabled = "NO">
         </CommandLineArgument>
         <CommandLineArgument
            argument = "--iso /Users/nedimzecic/Downloads/alpine-virt-3.21.0-aarch64.iso"
            isEnabled = "NO">
         </CommandLineArgument>
      </CommandLineArguments>
   </LaunchAction>
   <ProfileAction
      buildConfiguration = "Release"
      shouldUseLaunchSchemeArgsEnv = "YES"
      savedToolIdentifier = ""
      useCustomWorkingDirectory = "NO"
      debugDocumentVersioning = "YES">
      <BuildableProductRunnable
         runnableDebuggingMode = "0">
         <BuildableReference
            BuildableIdentifier = "primary"
            BlueprintIdentifier = "CF9B70992C6F314B001BA368"
            BuildableName = "msl"
            BlueprintName = "msl"
            ReferencedContainer = "container:msl.xcodeproj">
         </BuildableReference>
      </BuildableProductRunnable>
   </ProfileAction>
   <AnalyzeAction
      buildConfiguration = "Debug">
   </AnalyzeAction>
   <ArchiveAction
      buildConfiguration = "Release"
      revealArchiveInOrganizer = "YES">
   </ArchiveAction>
</Scheme>
